
Microsoft Visual Studio Solution File, Format Version 12.00
# Visual Studio Version 16
VisualStudioVersion = 16.0.30804.86
MinimumVisualStudioVersion = 10.0.40219.1
Project("{FAE04EC0-301F-11D3-BF4B-00C04F79EFBC}") = "Assignment3", "Assignment3.csproj", "{8E880224-BE94-44A6-A442-0B8D55AFE361}"
EndProject
Global
	GlobalSection(SolutionConfigurationPlatforms) = preSolution
		Debug|Any CPU = Debug|Any CPU
		Release|Any CPU = Release|Any CPU
	EndGlobalSection
	GlobalSection(ProjectConfigurationPlatforms) = postSolution
		{8E880224-BE94-44A6-A442-0B8D55AFE361}.Debug|Any CPU.ActiveCfg = Debug|Any CPU
		{8E880224-BE94-44A6-A442-0B8D55AFE361}.Debug|Any CPU.Build.0 = Debug|Any CPU
		{8E880224-BE94-44A6-A442-0B8D55AFE361}.Release|Any CPU.ActiveCfg = Release|Any CPU
		{8E880224-BE94-44A6-A442-0B8D55AFE361}.Release|Any CPU.Build.0 = Release|Any CPU
	EndGlobalSection
	GlobalSection(SolutionProperties) = preSolution
		HideSolutionNode = FALSE
	EndGlobalSection
	GlobalSection(ExtensibilityGlobals) = postSolution
		SolutionGuid = {302766B3-B755-4A18-93CB-426B21B6E3A9}
	EndGlobalSection
EndGlobal
